
Microsoft Visual Studio Solution File, Format Version 12.00
# Visual Studio Version 17
VisualStudioVersion = 17.7.34024.191
MinimumVisualStudioVersion = 10.0.40219.1
Project("{FAE04EC0-301F-11D3-BF4B-00C04F79EFBC}") = "övning2", "övning2\övning2.csproj", "{7C8995BE-6052-4EC1-B476-BC41CDD1B46E}"
EndProject
Global
	GlobalSection(SolutionConfigurationPlatforms) = preSolution
		Debug|Any CPU = Debug|Any CPU
		Release|Any CPU = Release|Any CPU
	EndGlobalSection
	GlobalSection(ProjectConfigurationPlatforms) = postSolution
		{7C8995BE-6052-4EC1-B476-BC41CDD1B46E}.Debug|Any CPU.ActiveCfg = Debug|Any CPU
		{7C8995BE-6052-4EC1-B476-BC41CDD1B46E}.Debug|Any CPU.Build.0 = Debug|Any CPU
		{7C8995BE-6052-4EC1-B476-BC41CDD1B46E}.Release|Any CPU.ActiveCfg = Release|Any CPU
		{7C8995BE-6052-4EC1-B476-BC41CDD1B46E}.Release|Any CPU.Build.0 = Release|Any CPU
	EndGlobalSection
	GlobalSection(SolutionProperties) = preSolution
		HideSolutionNode = FALSE
	EndGlobalSection
	GlobalSection(ExtensibilityGlobals) = postSolution
		SolutionGuid = {BB963823-0A5F-4815-9228-495957A8F85E}
	EndGlobalSection
EndGlobal
